
Microsoft Visual Studio Solution File, Format Version 12.00
# Visual Studio Version 17
VisualStudioVersion = 17.13.35931.197 d17.13
MinimumVisualStudioVersion = 10.0.40219.1
Project("{FAE04EC0-301F-11D3-BF4B-00C04F79EFBC}") = "MatValidatorSample", "MatValidatorSample\MatValidatorSample.csproj", "{5BD4890F-25EB-45BB-8E47-C48D8EC175CA}"
EndProject
Project("{FAE04EC0-301F-11D3-BF4B-00C04F79EFBC}") = "MatValidator", "MatValidator\MatValidator.csproj", "{F279FBC3-CACF-4C00-88B7-237E45520EE1}"
EndProject
Project("{FAE04EC0-301F-11D3-BF4B-00C04F79EFBC}") = "MatValidatorTests", "MatValidatorTests\MatValidatorTests.csproj", "{C0AF5032-5F52-4B72-AD3F-94E52132A4CF}"
EndProject
Global
	GlobalSection(SolutionConfigurationPlatforms) = preSolution
		Debug|Any CPU = Debug|Any CPU
		Release|Any CPU = Release|Any CPU
	EndGlobalSection
	GlobalSection(ProjectConfigurationPlatforms) = postSolution
		{5BD4890F-25EB-45BB-8E47-C48D8EC175CA}.Debug|Any CPU.ActiveCfg = Debug|Any CPU
		{5BD4890F-25EB-45BB-8E47-C48D8EC175CA}.Debug|Any CPU.Build.0 = Debug|Any CPU
		{5BD4890F-25EB-45BB-8E47-C48D8EC175CA}.Release|Any CPU.ActiveCfg = Release|Any CPU
		{5BD4890F-25EB-45BB-8E47-C48D8EC175CA}.Release|Any CPU.Build.0 = Release|Any CPU
		{F279FBC3-CACF-4C00-88B7-237E45520EE1}.Debug|Any CPU.ActiveCfg = Debug|Any CPU
		{F279FBC3-CACF-4C00-88B7-237E45520EE1}.Debug|Any CPU.Build.0 = Debug|Any CPU
		{F279FBC3-CACF-4C00-88B7-237E45520EE1}.Release|Any CPU.ActiveCfg = Release|Any CPU
		{F279FBC3-CACF-4C00-88B7-237E45520EE1}.Release|Any CPU.Build.0 = Release|Any CPU
		{C0AF5032-5F52-4B72-AD3F-94E52132A4CF}.Debug|Any CPU.ActiveCfg = Debug|Any CPU
		{C0AF5032-5F52-4B72-AD3F-94E52132A4CF}.Debug|Any CPU.Build.0 = Debug|Any CPU
		{C0AF5032-5F52-4B72-AD3F-94E52132A4CF}.Release|Any CPU.ActiveCfg = Release|Any CPU
		{C0AF5032-5F52-4B72-AD3F-94E52132A4CF}.Release|Any CPU.Build.0 = Release|Any CPU
	EndGlobalSection
	GlobalSection(SolutionProperties) = preSolution
		HideSolutionNode = FALSE
	EndGlobalSection
	GlobalSection(ExtensibilityGlobals) = postSolution
		SolutionGuid = {363B8DA1-0AFF-4E39-874E-EA7DC044F78E}
	EndGlobalSection
EndGlobal
